
Microsoft Visual Studio Solution File, Format Version 12.00
Project("{FAE04EC0-301F-11D3-BF4B-00C04F79EFBC}") = "KafkaTest.Producer", "src\KafkaTest.Producer\KafkaTest.Producer.csproj", "{7971F0D3-B2AC-4AD6-90F5-F5588085204F}"
EndProject
Project("{2150E333-8FDC-42A3-9474-1A3956D46DE8}") = "docs", "docs", "{02A7177B-C0A4-4656-8F90-AB58295F9D98}"
ProjectSection(SolutionItems) = preProject
	readme.md = readme.md
EndProjectSection
EndProject
Project("{2150E333-8FDC-42A3-9474-1A3956D46DE8}") = "other", "other", "{AC7E7BB8-D90E-4EE8-9FEE-DC1E355118C7}"
ProjectSection(SolutionItems) = preProject
	.developer\docker-compose.yaml = .developer\docker-compose.yaml
	KafkaCommands.txt = KafkaCommands.txt
	.developer\dock-compose-other-tools.yaml = .developer\dock-compose-other-tools.yaml
EndProjectSection
EndProject
Project("{2150E333-8FDC-42A3-9474-1A3956D46DE8}") = "data", "data", "{FBF8660B-EFF2-4E60-9189-F1627B7C1653}"
ProjectSection(SolutionItems) = preProject
	FakeData\set1.txt = FakeData\set1.txt
EndProjectSection
EndProject
Project("{FAE04EC0-301F-11D3-BF4B-00C04F79EFBC}") = "KafkaTest.SampleApi", "src\KafkaTest.SampleApi\KafkaTest.SampleApi.csproj", "{D8513144-BADD-4AB3-8617-83DB2E993005}"
EndProject
Project("{FAE04EC0-301F-11D3-BF4B-00C04F79EFBC}") = "KafkaTest.SecondSampleApi", "src\KafkaTest.SecondSampleApi\KafkaTest.SecondSampleApi.csproj", "{23FCB3D9-7512-4DF4-9A50-EA93F1468B5D}"
EndProject
Project("{FAE04EC0-301F-11D3-BF4B-00C04F79EFBC}") = "KafkaTest.Consumer", "src\KafkaTest.Consumer\KafkaTest.Consumer.csproj", "{F65D6A43-70AE-4249-A867-0B8427B10E60}"
EndProject
Project("{FAE04EC0-301F-11D3-BF4B-00C04F79EFBC}") = "KafkaTest.Shared", "src\KafkaTest.Shared\KafkaTest.Shared.csproj", "{B0FF1F0E-834C-4C74-9446-9710E97DE40F}"
EndProject
Project("{FAE04EC0-301F-11D3-BF4B-00C04F79EFBC}") = "KafkaTest.AvroSchemas", "src\KafkaTest.AvroSchemas\KafkaTest.AvroSchemas.csproj", "{E8917D2A-036A-4868-AAD8-C69FEC797ACA}"
EndProject
Global
	GlobalSection(SolutionConfigurationPlatforms) = preSolution
		Debug|Any CPU = Debug|Any CPU
		Release|Any CPU = Release|Any CPU
	EndGlobalSection
	GlobalSection(ProjectConfigurationPlatforms) = postSolution
		{7971F0D3-B2AC-4AD6-90F5-F5588085204F}.Debug|Any CPU.ActiveCfg = Debug|Any CPU
		{7971F0D3-B2AC-4AD6-90F5-F5588085204F}.Debug|Any CPU.Build.0 = Debug|Any CPU
		{7971F0D3-B2AC-4AD6-90F5-F5588085204F}.Release|Any CPU.ActiveCfg = Release|Any CPU
		{7971F0D3-B2AC-4AD6-90F5-F5588085204F}.Release|Any CPU.Build.0 = Release|Any CPU
		{D8513144-BADD-4AB3-8617-83DB2E993005}.Debug|Any CPU.ActiveCfg = Debug|Any CPU
		{D8513144-BADD-4AB3-8617-83DB2E993005}.Debug|Any CPU.Build.0 = Debug|Any CPU
		{D8513144-BADD-4AB3-8617-83DB2E993005}.Release|Any CPU.ActiveCfg = Release|Any CPU
		{D8513144-BADD-4AB3-8617-83DB2E993005}.Release|Any CPU.Build.0 = Release|Any CPU
		{23FCB3D9-7512-4DF4-9A50-EA93F1468B5D}.Debug|Any CPU.ActiveCfg = Debug|Any CPU
		{23FCB3D9-7512-4DF4-9A50-EA93F1468B5D}.Debug|Any CPU.Build.0 = Debug|Any CPU
		{23FCB3D9-7512-4DF4-9A50-EA93F1468B5D}.Release|Any CPU.ActiveCfg = Release|Any CPU
		{23FCB3D9-7512-4DF4-9A50-EA93F1468B5D}.Release|Any CPU.Build.0 = Release|Any CPU
		{F65D6A43-70AE-4249-A867-0B8427B10E60}.Debug|Any CPU.ActiveCfg = Debug|Any CPU
		{F65D6A43-70AE-4249-A867-0B8427B10E60}.Debug|Any CPU.Build.0 = Debug|Any CPU
		{F65D6A43-70AE-4249-A867-0B8427B10E60}.Release|Any CPU.ActiveCfg = Release|Any CPU
		{F65D6A43-70AE-4249-A867-0B8427B10E60}.Release|Any CPU.Build.0 = Release|Any CPU
		{B0FF1F0E-834C-4C74-9446-9710E97DE40F}.Debug|Any CPU.ActiveCfg = Debug|Any CPU
		{B0FF1F0E-834C-4C74-9446-9710E97DE40F}.Debug|Any CPU.Build.0 = Debug|Any CPU
		{B0FF1F0E-834C-4C74-9446-9710E97DE40F}.Release|Any CPU.ActiveCfg = Release|Any CPU
		{B0FF1F0E-834C-4C74-9446-9710E97DE40F}.Release|Any CPU.Build.0 = Release|Any CPU
		{E8917D2A-036A-4868-AAD8-C69FEC797ACA}.Debug|Any CPU.ActiveCfg = Debug|Any CPU
		{E8917D2A-036A-4868-AAD8-C69FEC797ACA}.Debug|Any CPU.Build.0 = Debug|Any CPU
		{E8917D2A-036A-4868-AAD8-C69FEC797ACA}.Release|Any CPU.ActiveCfg = Release|Any CPU
		{E8917D2A-036A-4868-AAD8-C69FEC797ACA}.Release|Any CPU.Build.0 = Release|Any CPU
	EndGlobalSection
	GlobalSection(NestedProjects) = preSolution
		{FBF8660B-EFF2-4E60-9189-F1627B7C1653} = {AC7E7BB8-D90E-4EE8-9FEE-DC1E355118C7}
	EndGlobalSection
EndGlobal
